
Microsoft Visual Studio Solution File, Format Version 12.00
# Visual Studio 2012
Project("{FAE04EC0-301F-11D3-BF4B-00C04F79EFBC}") = "JavaWindowsCASync", "JavaWindowsCASync\JavaWindowsCASync.csproj", "{19ABE86D-B7AC-4773-BE52-B59AF1EEE27D}"
EndProject
Global
	GlobalSection(SolutionConfigurationPlatforms) = preSolution
		Debug|Any CPU = Debug|Any CPU
		Release|Any CPU = Release|Any CPU
	EndGlobalSection
	GlobalSection(ProjectConfigurationPlatforms) = postSolution
		{19ABE86D-B7AC-4773-BE52-B59AF1EEE27D}.Debug|Any CPU.ActiveCfg = Debug|Any CPU
		{19ABE86D-B7AC-4773-BE52-B59AF1EEE27D}.Debug|Any CPU.Build.0 = Debug|Any CPU
		{19ABE86D-B7AC-4773-BE52-B59AF1EEE27D}.Release|Any CPU.ActiveCfg = Release|Any CPU
		{19ABE86D-B7AC-4773-BE52-B59AF1EEE27D}.Release|Any CPU.Build.0 = Release|Any CPU
	EndGlobalSection
	GlobalSection(SolutionProperties) = preSolution
		HideSolutionNode = FALSE
	EndGlobalSection
EndGlobal
